
Microsoft Visual Studio Solution File, Format Version 12.00
# Visual Studio Version 17
VisualStudioVersion = 17.5.33627.172
MinimumVisualStudioVersion = 10.0.40219.1
Project("{FAE04EC0-301F-11D3-BF4B-00C04F79EFBC}") = "test_ffmpeg", "test_ffmpeg.csproj", "{A18B36AB-C11C-4735-BE74-5073CFCF33E4}"
EndProject
Global
	GlobalSection(SolutionConfigurationPlatforms) = preSolution
		Debug|Any CPU = Debug|Any CPU
		Release|Any CPU = Release|Any CPU
	EndGlobalSection
	GlobalSection(ProjectConfigurationPlatforms) = postSolution
		{A18B36AB-C11C-4735-BE74-5073CFCF33E4}.Debug|Any CPU.ActiveCfg = Debug|Any CPU
		{A18B36AB-C11C-4735-BE74-5073CFCF33E4}.Debug|Any CPU.Build.0 = Debug|Any CPU
		{A18B36AB-C11C-4735-BE74-5073CFCF33E4}.Release|Any CPU.ActiveCfg = Release|Any CPU
		{A18B36AB-C11C-4735-BE74-5073CFCF33E4}.Release|Any CPU.Build.0 = Release|Any CPU
	EndGlobalSection
	GlobalSection(SolutionProperties) = preSolution
		HideSolutionNode = FALSE
	EndGlobalSection
	GlobalSection(ExtensibilityGlobals) = postSolution
		SolutionGuid = {38026951-A55A-4BE0-928E-A44773ADB9BF}
	EndGlobalSection
EndGlobal
